
Microsoft Visual Studio Solution File, Format Version 12.00
# Visual Studio 15
VisualStudioVersion = 15.0.28307.271
MinimumVisualStudioVersion = 10.0.40219.1
Project("{9A19103F-16F7-4668-BE54-9A1E7A4F7556}") = "DistLucros", "DistLucros\DistLucros.csproj", "{541EFA79-326A-419E-A6A1-98EFFD9821C1}"
EndProject
Project("{FAE04EC0-301F-11D3-BF4B-00C04F79EFBC}") = "TesteUnitarioDistLucros", "TesteUnitarioDistLucros\TesteUnitarioDistLucros.csproj", "{4E0CC27C-4456-475C-9259-7FE255269BC8}"
EndProject
Global
	GlobalSection(SolutionConfigurationPlatforms) = preSolution
		Debug|Any CPU = Debug|Any CPU
		Release|Any CPU = Release|Any CPU
	EndGlobalSection
	GlobalSection(ProjectConfigurationPlatforms) = postSolution
		{541EFA79-326A-419E-A6A1-98EFFD9821C1}.Debug|Any CPU.ActiveCfg = Debug|Any CPU
		{541EFA79-326A-419E-A6A1-98EFFD9821C1}.Debug|Any CPU.Build.0 = Debug|Any CPU
		{541EFA79-326A-419E-A6A1-98EFFD9821C1}.Release|Any CPU.ActiveCfg = Release|Any CPU
		{541EFA79-326A-419E-A6A1-98EFFD9821C1}.Release|Any CPU.Build.0 = Release|Any CPU
		{4E0CC27C-4456-475C-9259-7FE255269BC8}.Debug|Any CPU.ActiveCfg = Debug|Any CPU
		{4E0CC27C-4456-475C-9259-7FE255269BC8}.Debug|Any CPU.Build.0 = Debug|Any CPU
		{4E0CC27C-4456-475C-9259-7FE255269BC8}.Release|Any CPU.ActiveCfg = Release|Any CPU
		{4E0CC27C-4456-475C-9259-7FE255269BC8}.Release|Any CPU.Build.0 = Release|Any CPU
	EndGlobalSection
	GlobalSection(SolutionProperties) = preSolution
		HideSolutionNode = FALSE
	EndGlobalSection
	GlobalSection(ExtensibilityGlobals) = postSolution
		SolutionGuid = {FB3DDEAE-81FF-48EA-949A-90CDAAE7CC28}
	EndGlobalSection
EndGlobal
